
Microsoft Visual Studio Solution File, Format Version 12.00
# Visual Studio 15
VisualStudioVersion = 15.0.27130.2020
MinimumVisualStudioVersion = 10.0.40219.1
Project("{FAE04EC0-301F-11D3-BF4B-00C04F79EFBC}") = "HelloWorld", "HelloWorld\HelloWorld.csproj", "{7383845E-C061-47CB-9AB1-F979E4433BBC}"
EndProject
Global
	GlobalSection(SolutionConfigurationPlatforms) = preSolution
		Debug|Any CPU = Debug|Any CPU
		Release|Any CPU = Release|Any CPU
	EndGlobalSection
	GlobalSection(ProjectConfigurationPlatforms) = postSolution
		{7383845E-C061-47CB-9AB1-F979E4433BBC}.Debug|Any CPU.ActiveCfg = Debug|Any CPU
		{7383845E-C061-47CB-9AB1-F979E4433BBC}.Debug|Any CPU.Build.0 = Debug|Any CPU
		{7383845E-C061-47CB-9AB1-F979E4433BBC}.Release|Any CPU.ActiveCfg = Release|Any CPU
		{7383845E-C061-47CB-9AB1-F979E4433BBC}.Release|Any CPU.Build.0 = Release|Any CPU
	EndGlobalSection
	GlobalSection(SolutionProperties) = preSolution
		HideSolutionNode = FALSE
	EndGlobalSection
	GlobalSection(ExtensibilityGlobals) = postSolution
		SolutionGuid = {5F94604F-4449-4053-8C7C-5104F8BC0B4F}
	EndGlobalSection
EndGlobal
